
Microsoft Visual Studio Solution File, Format Version 12.00
# Visual Studio Version 17
VisualStudioVersion = 17.1.32210.238
MinimumVisualStudioVersion = 10.0.40219.1
Project("{9A19103F-16F7-4668-BE54-9A1E7A4F7556}") = "Foodie.ApiGateway", "Foodie.ApiGateway\Foodie.ApiGateway.csproj", "{2DD19919-C899-4CDF-957F-9AF4B137429C}"
EndProject
Project("{9A19103F-16F7-4668-BE54-9A1E7A4F7556}") = "Foodie.Meals.API", "Foodie.Meals\Foodie.Meals.API.csproj", "{D8CDEC5F-E134-453D-823A-8C220904E455}"
EndProject
Project("{9A19103F-16F7-4668-BE54-9A1E7A4F7556}") = "Foodie.Identity.API", "Foodie.Identity\Foodie.Identity.API.csproj", "{7470CF33-367C-4ADB-B703-AFAEC530C54C}"
EndProject
Project("{9A19103F-16F7-4668-BE54-9A1E7A4F7556}") = "Foodie.Basket.API", "Foodie.Basket\Foodie.Basket.API.csproj", "{CE0F536E-8C0D-4EC6-B78A-5BC0696DEB70}"
EndProject
Project("{2150E333-8FDC-42A3-9474-1A3956D46DE8}") = "ApiGateways", "ApiGateways", "{67660AE8-D1A2-4D48-8B32-8FBCD2726286}"
EndProject
Project("{2150E333-8FDC-42A3-9474-1A3956D46DE8}") = "Services", "Services", "{AADB11A8-B1CD-4A59-8837-343EE9B20A2B}"
EndProject
Project("{2150E333-8FDC-42A3-9474-1A3956D46DE8}") = "src", "src", "{CCE911F0-7B1E-488F-90C0-29BBC0B9B8BA}"
EndProject
Project("{2150E333-8FDC-42A3-9474-1A3956D46DE8}") = "BuildingBlocks", "BuildingBlocks", "{EC234EF3-4F40-4108-8F59-45C471AF45BD}"
EndProject
Project("{2150E333-8FDC-42A3-9474-1A3956D46DE8}") = "test", "test", "{76C7F636-0D30-458C-8196-7F041F81F142}"
EndProject
Project("{2150E333-8FDC-42A3-9474-1A3956D46DE8}") = "Meals", "Meals", "{F0DD9E40-BC36-4D26-8368-8F9E24353A1E}"
EndProject
Project("{9A19103F-16F7-4668-BE54-9A1E7A4F7556}") = "Foodie.Meals.Domain", "Foodie.Meals.Domain\Foodie.Meals.Domain.csproj", "{FC8BE51E-4CDC-4E5E-A379-4D173D1DC103}"
EndProject
Project("{9A19103F-16F7-4668-BE54-9A1E7A4F7556}") = "Foodie.Meals.Application", "Foodie.Meals.Application\Foodie.Meals.Application.csproj", "{74EF3A3C-F767-48CE-8AFE-2F5FD3A1D28E}"
EndProject
Project("{9A19103F-16F7-4668-BE54-9A1E7A4F7556}") = "Foodie.Meals.Infrastructure", "Foodie.Meals.Infrastructure\Foodie.Meals.Infrastructure.csproj", "{49527820-6E1C-4EFD-BB74-F26AAE0B9C48}"
EndProject
Project("{9A19103F-16F7-4668-BE54-9A1E7A4F7556}") = "Foodie.Shared", "Foodie.Shared\Foodie.Shared.csproj", "{5468D53A-E3B8-4412-8448-70B410F687C8}"
EndProject
Project("{2150E333-8FDC-42A3-9474-1A3956D46DE8}") = "Meals", "Meals", "{8D9261B4-76CC-4911-8680-875C625196FF}"
EndProject
Project("{9A19103F-16F7-4668-BE54-9A1E7A4F7556}") = "Foodie.Meals.UnitTests", "Foodie.Meals.UnitTests\Foodie.Meals.UnitTests.csproj", "{0276BFFC-7B22-4D00-AE74-8C0052FAC222}"
EndProject
Project("{2150E333-8FDC-42A3-9474-1A3956D46DE8}") = "Identity", "Identity", "{E4F2E018-C0B2-4626-879E-8FD8244B7747}"
EndProject
Project("{9A19103F-16F7-4668-BE54-9A1E7A4F7556}") = "Foodie.Identity.Application", "Foodie.Identity.Application\Foodie.Identity.Application.csproj", "{021292B2-B2C3-4579-ABC8-BCAFD72EE0FB}"
EndProject
Project("{9A19103F-16F7-4668-BE54-9A1E7A4F7556}") = "Foodie.Identity.Domain", "Foodie.Identity.Domain\Foodie.Identity.Domain.csproj", "{EE45BAEE-E2B3-4871-B2DD-7D3F4BF37ECD}"
EndProject
Project("{9A19103F-16F7-4668-BE54-9A1E7A4F7556}") = "Foode.Identity.Infrastructure", "Foode.Identity.Infrastructure\Foode.Identity.Infrastructure.csproj", "{217EEBB5-98CC-4B88-BDBE-48C179DF0CF0}"
EndProject
Project("{2150E333-8FDC-42A3-9474-1A3956D46DE8}") = "Basket", "Basket", "{E03757F4-7D69-4D45-AB75-BD949D50F3CE}"
EndProject
Project("{2150E333-8FDC-42A3-9474-1A3956D46DE8}") = "Orders", "Orders", "{AD0E341A-26B9-4BB9-9807-1EC40A593483}"
EndProject
Project("{9A19103F-16F7-4668-BE54-9A1E7A4F7556}") = "Foodie.Orders.Domain", "Foodie.Orders.Domain\Foodie.Orders.Domain.csproj", "{AFBB8703-CA04-4B78-B017-7BC6CA774B61}"
EndProject
Project("{9A19103F-16F7-4668-BE54-9A1E7A4F7556}") = "Foodie.Orders.Application", "Foodie.Orders.Application\Foodie.Orders.Application.csproj", "{7711B130-0A41-44B4-8956-BAFD337E8E6F}"
EndProject
Project("{9A19103F-16F7-4668-BE54-9A1E7A4F7556}") = "Foodie.EventBus", "Foodie.EventBus\Foodie.EventBus.csproj", "{69F91A83-D643-48A9-9A51-8688FC0B4412}"
EndProject
Project("{9A19103F-16F7-4668-BE54-9A1E7A4F7556}") = "Foodie.Orders.API", "Foodie.Orders.API\Foodie.Orders.API.csproj", "{DC6E3DF7-8A32-4CF4-926F-09296B0FFB48}"
EndProject
Project("{FAE04EC0-301F-11D3-BF4B-00C04F79EFBC}") = "Foodie.Orders.Infrastructure", "Foodie.Orders.Infrastructure\Foodie.Orders.Infrastructure.csproj", "{E555ABD9-88F3-4137-B096-67291F602216}"
EndProject
Global
	GlobalSection(SolutionConfigurationPlatforms) = preSolution
		Debug|Any CPU = Debug|Any CPU
		Release|Any CPU = Release|Any CPU
	EndGlobalSection
	GlobalSection(ProjectConfigurationPlatforms) = postSolution
		{2DD19919-C899-4CDF-957F-9AF4B137429C}.Debug|Any CPU.ActiveCfg = Debug|Any CPU
		{2DD19919-C899-4CDF-957F-9AF4B137429C}.Debug|Any CPU.Build.0 = Debug|Any CPU
		{2DD19919-C899-4CDF-957F-9AF4B137429C}.Release|Any CPU.ActiveCfg = Release|Any CPU
		{2DD19919-C899-4CDF-957F-9AF4B137429C}.Release|Any CPU.Build.0 = Release|Any CPU
		{D8CDEC5F-E134-453D-823A-8C220904E455}.Debug|Any CPU.ActiveCfg = Debug|Any CPU
		{D8CDEC5F-E134-453D-823A-8C220904E455}.Debug|Any CPU.Build.0 = Debug|Any CPU
		{D8CDEC5F-E134-453D-823A-8C220904E455}.Release|Any CPU.ActiveCfg = Release|Any CPU
		{D8CDEC5F-E134-453D-823A-8C220904E455}.Release|Any CPU.Build.0 = Release|Any CPU
		{7470CF33-367C-4ADB-B703-AFAEC530C54C}.Debug|Any CPU.ActiveCfg = Debug|Any CPU
		{7470CF33-367C-4ADB-B703-AFAEC530C54C}.Debug|Any CPU.Build.0 = Debug|Any CPU
		{7470CF33-367C-4ADB-B703-AFAEC530C54C}.Release|Any CPU.ActiveCfg = Release|Any CPU
		{7470CF33-367C-4ADB-B703-AFAEC530C54C}.Release|Any CPU.Build.0 = Release|Any CPU
		{CE0F536E-8C0D-4EC6-B78A-5BC0696DEB70}.Debug|Any CPU.ActiveCfg = Debug|Any CPU
		{CE0F536E-8C0D-4EC6-B78A-5BC0696DEB70}.Debug|Any CPU.Build.0 = Debug|Any CPU
		{CE0F536E-8C0D-4EC6-B78A-5BC0696DEB70}.Release|Any CPU.ActiveCfg = Release|Any CPU
		{CE0F536E-8C0D-4EC6-B78A-5BC0696DEB70}.Release|Any CPU.Build.0 = Release|Any CPU
		{FC8BE51E-4CDC-4E5E-A379-4D173D1DC103}.Debug|Any CPU.ActiveCfg = Debug|Any CPU
		{FC8BE51E-4CDC-4E5E-A379-4D173D1DC103}.Debug|Any CPU.Build.0 = Debug|Any CPU
		{FC8BE51E-4CDC-4E5E-A379-4D173D1DC103}.Release|Any CPU.ActiveCfg = Release|Any CPU
		{FC8BE51E-4CDC-4E5E-A379-4D173D1DC103}.Release|Any CPU.Build.0 = Release|Any CPU
		{74EF3A3C-F767-48CE-8AFE-2F5FD3A1D28E}.Debug|Any CPU.ActiveCfg = Debug|Any CPU
		{74EF3A3C-F767-48CE-8AFE-2F5FD3A1D28E}.Debug|Any CPU.Build.0 = Debug|Any CPU
		{74EF3A3C-F767-48CE-8AFE-2F5FD3A1D28E}.Release|Any CPU.ActiveCfg = Release|Any CPU
		{74EF3A3C-F767-48CE-8AFE-2F5FD3A1D28E}.Release|Any CPU.Build.0 = Release|Any CPU
		{49527820-6E1C-4EFD-BB74-F26AAE0B9C48}.Debug|Any CPU.ActiveCfg = Debug|Any CPU
		{49527820-6E1C-4EFD-BB74-F26AAE0B9C48}.Debug|Any CPU.Build.0 = Debug|Any CPU
		{49527820-6E1C-4EFD-BB74-F26AAE0B9C48}.Release|Any CPU.ActiveCfg = Release|Any CPU
		{49527820-6E1C-4EFD-BB74-F26AAE0B9C48}.Release|Any CPU.Build.0 = Release|Any CPU
		{5468D53A-E3B8-4412-8448-70B410F687C8}.Debug|Any CPU.ActiveCfg = Debug|Any CPU
		{5468D53A-E3B8-4412-8448-70B410F687C8}.Debug|Any CPU.Build.0 = Debug|Any CPU
		{5468D53A-E3B8-4412-8448-70B410F687C8}.Release|Any CPU.ActiveCfg = Release|Any CPU
		{5468D53A-E3B8-4412-8448-70B410F687C8}.Release|Any CPU.Build.0 = Release|Any CPU
		{0276BFFC-7B22-4D00-AE74-8C0052FAC222}.Debug|Any CPU.ActiveCfg = Debug|Any CPU
		{0276BFFC-7B22-4D00-AE74-8C0052FAC222}.Debug|Any CPU.Build.0 = Debug|Any CPU
		{0276BFFC-7B22-4D00-AE74-8C0052FAC222}.Release|Any CPU.ActiveCfg = Release|Any CPU
		{0276BFFC-7B22-4D00-AE74-8C0052FAC222}.Release|Any CPU.Build.0 = Release|Any CPU
		{021292B2-B2C3-4579-ABC8-BCAFD72EE0FB}.Debug|Any CPU.ActiveCfg = Debug|Any CPU
		{021292B2-B2C3-4579-ABC8-BCAFD72EE0FB}.Debug|Any CPU.Build.0 = Debug|Any CPU
		{021292B2-B2C3-4579-ABC8-BCAFD72EE0FB}.Release|Any CPU.ActiveCfg = Release|Any CPU
		{021292B2-B2C3-4579-ABC8-BCAFD72EE0FB}.Release|Any CPU.Build.0 = Release|Any CPU
		{EE45BAEE-E2B3-4871-B2DD-7D3F4BF37ECD}.Debug|Any CPU.ActiveCfg = Debug|Any CPU
		{EE45BAEE-E2B3-4871-B2DD-7D3F4BF37ECD}.Debug|Any CPU.Build.0 = Debug|Any CPU
		{EE45BAEE-E2B3-4871-B2DD-7D3F4BF37ECD}.Release|Any CPU.ActiveCfg = Release|Any CPU
		{EE45BAEE-E2B3-4871-B2DD-7D3F4BF37ECD}.Release|Any CPU.Build.0 = Release|Any CPU
		{217EEBB5-98CC-4B88-BDBE-48C179DF0CF0}.Debug|Any CPU.ActiveCfg = Debug|Any CPU
		{217EEBB5-98CC-4B88-BDBE-48C179DF0CF0}.Debug|Any CPU.Build.0 = Debug|Any CPU
		{217EEBB5-98CC-4B88-BDBE-48C179DF0CF0}.Release|Any CPU.ActiveCfg = Release|Any CPU
		{217EEBB5-98CC-4B88-BDBE-48C179DF0CF0}.Release|Any CPU.Build.0 = Release|Any CPU
		{AFBB8703-CA04-4B78-B017-7BC6CA774B61}.Debug|Any CPU.ActiveCfg = Debug|Any CPU
		{AFBB8703-CA04-4B78-B017-7BC6CA774B61}.Debug|Any CPU.Build.0 = Debug|Any CPU
		{AFBB8703-CA04-4B78-B017-7BC6CA774B61}.Release|Any CPU.ActiveCfg = Release|Any CPU
		{AFBB8703-CA04-4B78-B017-7BC6CA774B61}.Release|Any CPU.Build.0 = Release|Any CPU
		{7711B130-0A41-44B4-8956-BAFD337E8E6F}.Debug|Any CPU.ActiveCfg = Debug|Any CPU
		{7711B130-0A41-44B4-8956-BAFD337E8E6F}.Debug|Any CPU.Build.0 = Debug|Any CPU
		{7711B130-0A41-44B4-8956-BAFD337E8E6F}.Release|Any CPU.ActiveCfg = Release|Any CPU
		{7711B130-0A41-44B4-8956-BAFD337E8E6F}.Release|Any CPU.Build.0 = Release|Any CPU
		{69F91A83-D643-48A9-9A51-8688FC0B4412}.Debug|Any CPU.ActiveCfg = Debug|Any CPU
		{69F91A83-D643-48A9-9A51-8688FC0B4412}.Debug|Any CPU.Build.0 = Debug|Any CPU
		{69F91A83-D643-48A9-9A51-8688FC0B4412}.Release|Any CPU.ActiveCfg = Release|Any CPU
		{69F91A83-D643-48A9-9A51-8688FC0B4412}.Release|Any CPU.Build.0 = Release|Any CPU
		{DC6E3DF7-8A32-4CF4-926F-09296B0FFB48}.Debug|Any CPU.ActiveCfg = Debug|Any CPU
		{DC6E3DF7-8A32-4CF4-926F-09296B0FFB48}.Debug|Any CPU.Build.0 = Debug|Any CPU
		{DC6E3DF7-8A32-4CF4-926F-09296B0FFB48}.Release|Any CPU.ActiveCfg = Release|Any CPU
		{DC6E3DF7-8A32-4CF4-926F-09296B0FFB48}.Release|Any CPU.Build.0 = Release|Any CPU
		{E555ABD9-88F3-4137-B096-67291F602216}.Debug|Any CPU.ActiveCfg = Debug|Any CPU
		{E555ABD9-88F3-4137-B096-67291F602216}.Debug|Any CPU.Build.0 = Debug|Any CPU
		{E555ABD9-88F3-4137-B096-67291F602216}.Release|Any CPU.ActiveCfg = Release|Any CPU
		{E555ABD9-88F3-4137-B096-67291F602216}.Release|Any CPU.Build.0 = Release|Any CPU
	EndGlobalSection
	GlobalSection(SolutionProperties) = preSolution
		HideSolutionNode = FALSE
	EndGlobalSection
	GlobalSection(NestedProjects) = preSolution
		{2DD19919-C899-4CDF-957F-9AF4B137429C} = {67660AE8-D1A2-4D48-8B32-8FBCD2726286}
		{D8CDEC5F-E134-453D-823A-8C220904E455} = {F0DD9E40-BC36-4D26-8368-8F9E24353A1E}
		{7470CF33-367C-4ADB-B703-AFAEC530C54C} = {E4F2E018-C0B2-4626-879E-8FD8244B7747}
		{CE0F536E-8C0D-4EC6-B78A-5BC0696DEB70} = {E03757F4-7D69-4D45-AB75-BD949D50F3CE}
		{67660AE8-D1A2-4D48-8B32-8FBCD2726286} = {CCE911F0-7B1E-488F-90C0-29BBC0B9B8BA}
		{AADB11A8-B1CD-4A59-8837-343EE9B20A2B} = {CCE911F0-7B1E-488F-90C0-29BBC0B9B8BA}
		{EC234EF3-4F40-4108-8F59-45C471AF45BD} = {CCE911F0-7B1E-488F-90C0-29BBC0B9B8BA}
		{F0DD9E40-BC36-4D26-8368-8F9E24353A1E} = {AADB11A8-B1CD-4A59-8837-343EE9B20A2B}
		{FC8BE51E-4CDC-4E5E-A379-4D173D1DC103} = {F0DD9E40-BC36-4D26-8368-8F9E24353A1E}
		{74EF3A3C-F767-48CE-8AFE-2F5FD3A1D28E} = {F0DD9E40-BC36-4D26-8368-8F9E24353A1E}
		{49527820-6E1C-4EFD-BB74-F26AAE0B9C48} = {F0DD9E40-BC36-4D26-8368-8F9E24353A1E}
		{5468D53A-E3B8-4412-8448-70B410F687C8} = {EC234EF3-4F40-4108-8F59-45C471AF45BD}
		{8D9261B4-76CC-4911-8680-875C625196FF} = {76C7F636-0D30-458C-8196-7F041F81F142}
		{0276BFFC-7B22-4D00-AE74-8C0052FAC222} = {8D9261B4-76CC-4911-8680-875C625196FF}
		{E4F2E018-C0B2-4626-879E-8FD8244B7747} = {AADB11A8-B1CD-4A59-8837-343EE9B20A2B}
		{021292B2-B2C3-4579-ABC8-BCAFD72EE0FB} = {E4F2E018-C0B2-4626-879E-8FD8244B7747}
		{EE45BAEE-E2B3-4871-B2DD-7D3F4BF37ECD} = {E4F2E018-C0B2-4626-879E-8FD8244B7747}
		{217EEBB5-98CC-4B88-BDBE-48C179DF0CF0} = {E4F2E018-C0B2-4626-879E-8FD8244B7747}
		{E03757F4-7D69-4D45-AB75-BD949D50F3CE} = {AADB11A8-B1CD-4A59-8837-343EE9B20A2B}
		{AD0E341A-26B9-4BB9-9807-1EC40A593483} = {AADB11A8-B1CD-4A59-8837-343EE9B20A2B}
		{AFBB8703-CA04-4B78-B017-7BC6CA774B61} = {AD0E341A-26B9-4BB9-9807-1EC40A593483}
		{7711B130-0A41-44B4-8956-BAFD337E8E6F} = {AD0E341A-26B9-4BB9-9807-1EC40A593483}
		{69F91A83-D643-48A9-9A51-8688FC0B4412} = {EC234EF3-4F40-4108-8F59-45C471AF45BD}
		{DC6E3DF7-8A32-4CF4-926F-09296B0FFB48} = {AD0E341A-26B9-4BB9-9807-1EC40A593483}
		{E555ABD9-88F3-4137-B096-67291F602216} = {AD0E341A-26B9-4BB9-9807-1EC40A593483}
	EndGlobalSection
	GlobalSection(ExtensibilityGlobals) = postSolution
		SolutionGuid = {B309CF08-D90B-483E-B205-E73C05DDE90D}
	EndGlobalSection
EndGlobal
